
Microsoft Visual Studio Solution File, Format Version 12.00
# Visual Studio Version 17
VisualStudioVersion = 17.5.33516.290
MinimumVisualStudioVersion = 10.0.40219.1
Project("{FAE04EC0-301F-11D3-BF4B-00C04F79EFBC}") = "text analysis", "text analysis.csproj", "{1232863F-1706-4067-A4F5-97DB3ABA8C98}"
EndProject
Global
	GlobalSection(SolutionConfigurationPlatforms) = preSolution
		Debug|Any CPU = Debug|Any CPU
		Release|Any CPU = Release|Any CPU
	EndGlobalSection
	GlobalSection(ProjectConfigurationPlatforms) = postSolution
		{1232863F-1706-4067-A4F5-97DB3ABA8C98}.Debug|Any CPU.ActiveCfg = Debug|Any CPU
		{1232863F-1706-4067-A4F5-97DB3ABA8C98}.Debug|Any CPU.Build.0 = Debug|Any CPU
		{1232863F-1706-4067-A4F5-97DB3ABA8C98}.Release|Any CPU.ActiveCfg = Release|Any CPU
		{1232863F-1706-4067-A4F5-97DB3ABA8C98}.Release|Any CPU.Build.0 = Release|Any CPU
	EndGlobalSection
	GlobalSection(SolutionProperties) = preSolution
		HideSolutionNode = FALSE
	EndGlobalSection
	GlobalSection(ExtensibilityGlobals) = postSolution
		SolutionGuid = {43B48FC7-8185-4F6F-8AA4-4A269554AE83}
	EndGlobalSection
EndGlobal
